// !$*UTF8*$!
{
	archiveVersion = 1;
	classes = {
	};
	objectVersion = 46;
	objects = {

/* Begin PBXBuildFile section */
		7E5D8B641999D5D40031F72E /* DetailViewController.swift in Sources */ = {isa = PBXBuildFile; fileRef = 7E5D8B631999D5D40031F72E /* DetailViewController.swift */; };
		7E8AD327199D301C0054BB3C /* AddPersonViewController.swift in Sources */ = {isa = PBXBuildFile; fileRef = 7E8AD326199D301C0054BB3C /* AddPersonViewController.swift */; };
		7E8CEF051999EF6600E93046 /* unknownSilhouette.png in Resources */ = {isa = PBXBuildFile; fileRef = 7E8CEF041999EF6600E93046 /* unknownSilhouette.png */; };
		7E8CEF07199A6B3400E93046 /* cameron.jpg in Resources */ = {isa = PBXBuildFile; fileRef = 7E8CEF06199A6B3400E93046 /* cameron.jpg */; };
		7EBCBFCD19A58C1700446922 /* blackline.png in Resources */ = {isa = PBXBuildFile; fileRef = 7EBCBFCC19A58C1700446922 /* blackline.png */; };
		7EBCBFCF19A58DFD00446922 /* Blue-Gradient.png in Resources */ = {isa = PBXBuildFile; fileRef = 7EBCBFCE19A58DFD00446922 /* Blue-Gradient.png */; };
		7EC793FA1993FDB7006A054F /* AppDelegate.swift in Sources */ = {isa = PBXBuildFile; fileRef = 7EC793F91993FDB7006A054F /* AppDelegate.swift */; };
		7EC793FF1993FDB7006A054F /* Main.storyboard in Resources */ = {isa = PBXBuildFile; fileRef = 7EC793FD1993FDB7006A054F /* Main.storyboard */; };
		7EC794011993FDB7006A054F /* Images.xcassets in Resources */ = {isa = PBXBuildFile; fileRef = 7EC794001993FDB7006A054F /* Images.xcassets */; };
		7EC7940D1993FDB8006A054F /* Person_Array_iOSTests.swift in Sources */ = {isa = PBXBuildFile; fileRef = 7EC7940C1993FDB8006A054F /* Person_Array_iOSTests.swift */; };
		7EC794171993FDC7006A054F /* Person.swift in Sources */ = {isa = PBXBuildFile; fileRef = 7EC794161993FDC7006A054F /* Person.swift */; };
		7EC7941B199409D0006A054F /* ViewController.swift in Sources */ = {isa = PBXBuildFile; fileRef = 7EC7941A199409D0006A054F /* ViewController.swift */; };
		7EC7941D19940EA2006A054F /* Roster.plist in Resources */ = {isa = PBXBuildFile; fileRef = 7EC7941C19940EA2006A054F /* Roster.plist */; };
		7EF6B3C319A5BB550060C5E0 /* CoreData.framework in Frameworks */ = {isa = PBXBuildFile; fileRef = 7EF6B3C219A5BB550060C5E0 /* CoreData.framework */; };
		7EF6B3F419A5BE5A0060C5E0 /* Model.xcdatamodeld in Sources */ = {isa = PBXBuildFile; fileRef = 7EF6B3F219A5BE5A0060C5E0 /* Model.xcdatamodeld */; };
/* End PBXBuildFile section */

/* Begin PBXContainerItemProxy section */
		7EC794071993FDB8006A054F /* PBXContainerItemProxy */ = {
			isa = PBXContainerItemProxy;
			containerPortal = 7EC793EC1993FDB7006A054F /* Project object */;
			proxyType = 1;
			remoteGlobalIDString = 7EC793F31993FDB7006A054F;
			remoteInfo = "Person Array iOS";
		};
/* End PBXContainerItemProxy section */

/* Begin PBXFileReference section */
		7E5D8B631999D5D40031F72E /* DetailViewController.swift */ = {isa = PBXFileReference; fileEncoding = 4; lastKnownFileType = sourcecode.swift; path = DetailViewController.swift; sourceTree = "<group>"; };
		7E8AD326199D301C0054BB3C /* AddPersonViewController.swift */ = {isa = PBXFileReference; fileEncoding = 4; lastKnownFileType = sourcecode.swift; path = AddPersonViewController.swift; sourceTree = "<group>"; };
		7E8CEF041999EF6600E93046 /* unknownSilhouette.png */ = {isa = PBXFileReference; lastKnownFileType = image.png; path = unknownSilhouette.png; sourceTree = "<group>"; };
		7E8CEF06199A6B3400E93046 /* cameron.jpg */ = {isa = PBXFileReference; lastKnownFileType = image.jpeg; path = cameron.jpg; sourceTree = "<group>"; };
		7EBCBFCC19A58C1700446922 /* blackline.png */ = {isa = PBXFileReference; lastKnownFileType = image.png; path = blackline.png; sourceTree = "<group>"; };
		7EBCBFCE19A58DFD00446922 /* Blue-Gradient.png */ = {isa = PBXFileReference; lastKnownFileType = image.png; path = "Blue-Gradient.png"; sourceTree = "<group>"; };
		7EC793F41993FDB7006A054F /* Person Array iOS.app */ = {isa = PBXFileReference; explicitFileType = wrapper.application; includeInIndex = 0; path = "Person Array iOS.app"; sourceTree = BUILT_PRODUCTS_DIR; };
		7EC793F81993FDB7006A054F /* Info.plist */ = {isa = PBXFileReference; lastKnownFileType = text.plist.xml; path = Info.plist; sourceTree = "<group>"; };
		7EC793F91993FDB7006A054F /* AppDelegate.swift */ = {isa = PBXFileReference; lastKnownFileType = sourcecode.swift; path = AppDelegate.swift; sourceTree = "<group>"; };
		7EC793FE1993FDB7006A054F /* Base */ = {isa = PBXFileReference; lastKnownFileType = file.storyboard; name = Base; path = Base.lproj/Main.storyboard; sourceTree = "<group>"; };
		7EC794001993FDB7006A054F /* Images.xcassets */ = {isa = PBXFileReference; lastKnownFileType = folder.assetcatalog; path = Images.xcassets; sourceTree = "<group>"; };
		7EC794061993FDB8006A054F /* Person Array iOSTests.xctest */ = {isa = PBXFileReference; explicitFileType = wrapper.cfbundle; includeInIndex = 0; path = "Person Array iOSTests.xctest"; sourceTree = BUILT_PRODUCTS_DIR; };
		7EC7940B1993FDB8006A054F /* Info.plist */ = {isa = PBXFileReference; lastKnownFileType = text.plist.xml; path = Info.plist; sourceTree = "<group>"; };
		7EC7940C1993FDB8006A054F /* Person_Array_iOSTests.swift */ = {isa = PBXFileReference; lastKnownFileType = sourcecode.swift; path = Person_Array_iOSTests.swift; sourceTree = "<group>"; };
		7EC794161993FDC7006A054F /* Person.swift */ = {isa = PBXFileReference; fileEncoding = 4; lastKnownFileType = sourcecode.swift; name = Person.swift; path = ../Person.swift; sourceTree = "<group>"; };
		7EC7941A199409D0006A054F /* ViewController.swift */ = {isa = PBXFileReference; fileEncoding = 4; lastKnownFileType = sourcecode.swift; path = ViewController.swift; sourceTree = "<group>"; };
		7EC7941C19940EA2006A054F /* Roster.plist */ = {isa = PBXFileReference; fileEncoding = 4; lastKnownFileType = text.plist.xml; path = Roster.plist; sourceTree = "<group>"; };
		7EF6B3C219A5BB550060C5E0 /* CoreData.framework */ = {isa = PBXFileReference; lastKnownFileType = wrapper.framework; name = CoreData.framework; path = System/Library/Frameworks/CoreData.framework; sourceTree = SDKROOT; };
		7EF6B3F319A5BE5A0060C5E0 /* Model.xcdatamodel */ = {isa = PBXFileReference; lastKnownFileType = wrapper.xcdatamodel; path = Model.xcdatamodel; sourceTree = "<group>"; };
/* End PBXFileReference section */

/* Begin PBXFrameworksBuildPhase section */
		7EC793F11993FDB7006A054F /* Frameworks */ = {
			isa = PBXFrameworksBuildPhase;
			buildActionMask = 2147483647;
			files = (
				7EF6B3C319A5BB550060C5E0 /* CoreData.framework in Frameworks */,
			);
			runOnlyForDeploymentPostprocessing = 0;
		};
		7EC794031993FDB8006A054F /* Frameworks */ = {
			isa = PBXFrameworksBuildPhase;
			buildActionMask = 2147483647;
			files = (
			);
			runOnlyForDeploymentPostprocessing = 0;
		};
/* End PBXFrameworksBuildPhase section */

/* Begin PBXGroup section */
		7EC793EB1993FDB7006A054F = {
			isa = PBXGroup;
			children = (
				7EF6B3C219A5BB550060C5E0 /* CoreData.framework */,
				7EC793F61993FDB7006A054F /* Person Array iOS */,
				7EC794091993FDB8006A054F /* Person Array iOSTests */,
				7EC793F51993FDB7006A054F /* Products */,
			);
			sourceTree = "<group>";
		};
		7EC793F51993FDB7006A054F /* Products */ = {
			isa = PBXGroup;
			children = (
				7EC793F41993FDB7006A054F /* Person Array iOS.app */,
				7EC794061993FDB8006A054F /* Person Array iOSTests.xctest */,
			);
			name = Products;
			sourceTree = "<group>";
		};
		7EC793F61993FDB7006A054F /* Person Array iOS */ = {
			isa = PBXGroup;
			children = (
				7EC7941A199409D0006A054F /* ViewController.swift */,
				7EF6B3F219A5BE5A0060C5E0 /* Model.xcdatamodeld */,
				7E5D8B631999D5D40031F72E /* DetailViewController.swift */,
				7E8AD326199D301C0054BB3C /* AddPersonViewController.swift */,
				7EC794161993FDC7006A054F /* Person.swift */,
				7EC793F91993FDB7006A054F /* AppDelegate.swift */,
				7EC793FD1993FDB7006A054F /* Main.storyboard */,
				7EC794001993FDB7006A054F /* Images.xcassets */,
				7EC7941C19940EA2006A054F /* Roster.plist */,
				7EC793F71993FDB7006A054F /* Supporting Files */,
			);
			path = "Person Array iOS";
			sourceTree = "<group>";
		};
		7EC793F71993FDB7006A054F /* Supporting Files */ = {
			isa = PBXGroup;
			children = (
				7EBCBFCE19A58DFD00446922 /* Blue-Gradient.png */,
				7EBCBFCC19A58C1700446922 /* blackline.png */,
				7E8CEF06199A6B3400E93046 /* cameron.jpg */,
				7E8CEF041999EF6600E93046 /* unknownSilhouette.png */,
				7EC793F81993FDB7006A054F /* Info.plist */,
			);
			name = "Supporting Files";
			sourceTree = "<group>";
		};
		7EC794091993FDB8006A054F /* Person Array iOSTests */ = {
			isa = PBXGroup;
			children = (
				7EC7940C1993FDB8006A054F /* Person_Array_iOSTests.swift */,
				7EC7940A1993FDB8006A054F /* Supporting Files */,
			);
			path = "Person Array iOSTests";
			sourceTree = "<group>";
		};
		7EC7940A1993FDB8006A054F /* Supporting Files */ = {
			isa = PBXGroup;
			children = (
				7EC7940B1993FDB8006A054F /* Info.plist */,
			);
			name = "Supporting Files";
			sourceTree = "<group>";
		};
/* End PBXGroup section */

/* Begin PBXNativeTarget section */
		7EC793F31993FDB7006A054F /* Person Array iOS */ = {
			isa = PBXNativeTarget;
			buildConfigurationList = 7EC794101993FDB8006A054F /* Build configuration list for PBXNativeTarget "Person Array iOS" */;
			buildPhases = (
				7EC793F01993FDB7006A054F /* Sources */,
				7EC793F11993FDB7006A054F /* Frameworks */,
				7EC793F21993FDB7006A054F /* Resources */,
			);
			buildRules = (
			);
			dependencies = (
			);
			name = "Person Array iOS";
			productName = "Person Array iOS";
			productReference = 7EC793F41993FDB7006A054F /* Person Array iOS.app */;
			productType = "com.apple.product-type.application";
		};
		7EC794051993FDB8006A054F /* Person Array iOSTests */ = {
			isa = PBXNativeTarget;
			buildConfigurationList = 7EC794131993FDB8006A054F /* Build configuration list for PBXNativeTarget "Person Array iOSTests" */;
			buildPhases = (
				7EC794021993FDB8006A054F /* Sources */,
				7EC794031993FDB8006A054F /* Frameworks */,
				7EC794041993FDB8006A054F /* Resources */,
			);
			buildRules = (
			);
			dependencies = (
				7EC794081993FDB8006A054F /* PBXTargetDependency */,
			);
			name = "Person Array iOSTests";
			productName = "Person Array iOSTests";
			productReference = 7EC794061993FDB8006A054F /* Person Array iOSTests.xctest */;
			productType = "com.apple.product-type.bundle.unit-test";
		};
/* End PBXNativeTarget section */

/* Begin PBXProject section */
		7EC793EC1993FDB7006A054F /* Project object */ = {
			isa = PBXProject;
			attributes = {
				LastUpgradeCheck = 0600;
				ORGANIZATIONNAME = "Cameron Klein";
				TargetAttributes = {
					7EC793F31993FDB7006A054F = {
						CreatedOnToolsVersion = 6.0;
					};
					7EC794051993FDB8006A054F = {
						CreatedOnToolsVersion = 6.0;
						TestTargetID = 7EC793F31993FDB7006A054F;
					};
				};
			};
			buildConfigurationList = 7EC793EF1993FDB7006A054F /* Build configuration list for PBXProject "Person Array iOS" */;
			compatibilityVersion = "Xcode 3.2";
			developmentRegion = English;
			hasScannedForEncodings = 0;
			knownRegions = (
				en,
				Base,
			);
			mainGroup = 7EC793EB1993FDB7006A054F;
			productRefGroup = 7EC793F51993FDB7006A054F /* Products */;
			projectDirPath = "";
			projectRoot = "";
			targets = (
				7EC793F31993FDB7006A054F /* Person Array iOS */,
				7EC794051993FDB8006A054F /* Person Array iOSTests */,
			);
		};
/* End PBXProject section */

/* Begin PBXResourcesBuildPhase section */
		7EC793F21993FDB7006A054F /* Resources */ = {
			isa = PBXResourcesBuildPhase;
			buildActionMask = 2147483647;
			files = (
				7EC793FF1993FDB7006A054F /* Main.storyboard in Resources */,
				7EBCBFCF19A58DFD00446922 /* Blue-Gradient.png in Resources */,
				7EBCBFCD19A58C1700446922 /* blackline.png in Resources */,
				7E8CEF07199A6B3400E93046 /* cameron.jpg in Resources */,
				7EC7941D19940EA2006A054F /* Roster.plist in Resources */,
				7EC794011993FDB7006A054F /* Images.xcassets in Resources */,
				7E8CEF051999EF6600E93046 /* unknownSilhouette.png in Resources */,
			);
			runOnlyForDeploymentPostprocessing = 0;
		};
		7EC794041993FDB8006A054F /* Resources */ = {
			isa = PBXResourcesBuildPhase;
			buildActionMask = 2147483647;
			files = (
			);
			runOnlyForDeploymentPostprocessing = 0;
		};
/* End PBXResourcesBuildPhase section */

/* Begin PBXSourcesBuildPhase section */
		7EC793F01993FDB7006A054F /* Sources */ = {
			isa = PBXSourcesBuildPhase;
			buildActionMask = 2147483647;
			files = (
				7EC7941B199409D0006A054F /* ViewController.swift in Sources */,
				7E5D8B641999D5D40031F72E /* DetailViewController.swift in Sources */,
				7EC794171993FDC7006A054F /* Person.swift in Sources */,
				7EC793FA1993FDB7006A054F /* AppDelegate.swift in Sources */,
				7E8AD327199D301C0054BB3C /* AddPersonViewController.swift in Sources */,
				7EF6B3F419A5BE5A0060C5E0 /* Model.xcdatamodeld in Sources */,
			);
			runOnlyForDeploymentPostprocessing = 0;
		};
		7EC794021993FDB8006A054F /* Sources */ = {
			isa = PBXSourcesBuildPhase;
			buildActionMask = 2147483647;
			files = (
				7EC7940D1993FDB8006A054F /* Person_Array_iOSTests.swift in Sources */,
			);
			runOnlyForDeploymentPostprocessing = 0;
		};
/* End PBXSourcesBuildPhase section */

/* Begin PBXTargetDependency section */
		7EC794081993FDB8006A054F /* PBXTargetDependency */ = {
			isa = PBXTargetDependency;
			target = 7EC793F31993FDB7006A054F /* Person Array iOS */;
			targetProxy = 7EC794071993FDB8006A054F /* PBXContainerItemProxy */;
		};
/* End PBXTargetDependency section */

/* Begin PBXVariantGroup section */
		7EC793FD1993FDB7006A054F /* Main.storyboard */ = {
			isa = PBXVariantGroup;
			children = (
				7EC793FE1993FDB7006A054F /* Base */,
			);
			name = Main.storyboard;
			sourceTree = "<group>";
		};
/* End PBXVariantGroup section */

/* Begin XCBuildConfiguration section */
		7EC7940E1993FDB8006A054F /* Debug */ = {
			isa = XCBuildConfiguration;
			buildSettings = {
				ALWAYS_SEARCH_USER_PATHS = NO;
				CLANG_CXX_LANGUAGE_STANDARD = "gnu++0x";
				CLANG_CXX_LIBRARY = "libc++";
				CLANG_ENABLE_MODULES = YES;
				CLANG_ENABLE_OBJC_ARC = YES;
				CLANG_WARN_BOOL_CONVERSION = YES;
				CLANG_WARN_CONSTANT_CONVERSION = YES;
				CLANG_WARN_DIRECT_OBJC_ISA_USAGE = YES_ERROR;
				CLANG_WARN_EMPTY_BODY = YES;
				CLANG_WARN_ENUM_CONVERSION = YES;
				CLANG_WARN_INT_CONVERSION = YES;
				CLANG_WARN_OBJC_ROOT_CLASS = YES_ERROR;
				CLANG_WARN_UNREACHABLE_CODE = YES;
				CLANG_WARN__DUPLICATE_METHOD_MATCH = YES;
				"CODE_SIGN_IDENTITY[sdk=iphoneos*]" = "iPhone Developer";
				COPY_PHASE_STRIP = NO;
				ENABLE_STRICT_OBJC_MSGSEND = YES;
				GCC_C_LANGUAGE_STANDARD = gnu99;
				GCC_DYNAMIC_NO_PIC = NO;
				GCC_OPTIMIZATION_LEVEL = 0;
				GCC_PREPROCESSOR_DEFINITIONS = (
					"DEBUG=1",
					"$(inherited)",
				);
				GCC_SYMBOLS_PRIVATE_EXTERN = NO;
				GCC_WARN_64_TO_32_BIT_CONVERSION = YES;
				GCC_WARN_ABOUT_RETURN_TYPE = YES_ERROR;
				GCC_WARN_UNDECLARED_SELECTOR = YES;
				GCC_WARN_UNINITIALIZED_AUTOS = YES_AGGRESSIVE;
				GCC_WARN_UNUSED_FUNCTION = YES;
				GCC_WARN_UNUSED_VARIABLE = YES;
				IPHONEOS_DEPLOYMENT_TARGET = 8.0;
				MTL_ENABLE_DEBUG_INFO = YES;
				ONLY_ACTIVE_ARCH = YES;
				SDKROOT = iphoneos;
				SWIFT_OPTIMIZATION_LEVEL = "-Onone";
				TARGETED_DEVICE_FAMILY = "1,2";
			};
			name = Debug;
		};
		7EC7940F1993FDB8006A054F /* Release */ = {
			isa = XCBuildConfiguration;
			buildSettings = {
				ALWAYS_SEARCH_USER_PATHS = NO;
				CLANG_CXX_LANGUAGE_STANDARD = "gnu++0x";
				CLANG_CXX_LIBRARY = "libc++";
				CLANG_ENABLE_MODULES = YES;
				CLANG_ENABLE_OBJC_ARC = YES;
				CLANG_WARN_BOOL_CONVERSION = YES;
				CLANG_WARN_CONSTANT_CONVERSION = YES;
				CLANG_WARN_DIRECT_OBJC_ISA_USAGE = YES_ERROR;
				CLANG_WARN_EMPTY_BODY = YES;
				CLANG_WARN_ENUM_CONVERSION = YES;
				CLANG_WARN_INT_CONVERSION = YES;
				CLANG_WARN_OBJC_ROOT_CLASS = YES_ERROR;
				CLANG_WARN_UNREACHABLE_CODE = YES;
				CLANG_WARN__DUPLICATE_METHOD_MATCH = YES;
				"CODE_SIGN_IDENTITY[sdk=iphoneos*]" = "iPhone Developer";
				COPY_PHASE_STRIP = YES;
				ENABLE_NS_ASSERTIONS = NO;
				ENABLE_STRICT_OBJC_MSGSEND = YES;
				GCC_C_LANGUAGE_STANDARD = gnu99;
				GCC_WARN_64_TO_32_BIT_CONVERSION = YES;
				GCC_WARN_ABOUT_RETURN_TYPE = YES_ERROR;
				GCC_WARN_UNDECLARED_SELECTOR = YES;
				GCC_WARN_UNINITIALIZED_AUTOS = YES_AGGRESSIVE;
				GCC_WARN_UNUSED_FUNCTION = YES;
				GCC_WARN_UNUSED_VARIABLE = YES;
				IPHONEOS_DEPLOYMENT_TARGET = 8.0;
				MTL_ENABLE_DEBUG_INFO = NO;
				SDKROOT = iphoneos;
				TARGETED_DEVICE_FAMILY = "1,2";
				VALIDATE_PRODUCT = YES;
			};
			name = Release;
		};
		7EC794111993FDB8006A054F /* Debug */ = {
			isa = XCBuildConfiguration;
			buildSettings = {
				ASSETCATALOG_COMPILER_APPICON_NAME = AppIcon;
				ASSETCATALOG_COMPILER_LAUNCHIMAGE_NAME = LaunchImage;
				INFOPLIST_FILE = "Person Array iOS/Info.plist";
				LD_RUNPATH_SEARCH_PATHS = "$(inherited) @executable_path/Frameworks";
				PRODUCT_NAME = "$(TARGET_NAME)";
			};
			name = Debug;
		};
		7EC794121993FDB8006A054F /* Release */ = {
			isa = XCBuildConfiguration;
			buildSettings = {
				ASSETCATALOG_COMPILER_APPICON_NAME = AppIcon;
				ASSETCATALOG_COMPILER_LAUNCHIMAGE_NAME = LaunchImage;
				INFOPLIST_FILE = "Person Array iOS/Info.plist";
				LD_RUNPATH_SEARCH_PATHS = "$(inherited) @executable_path/Frameworks";
				PRODUCT_NAME = "$(TARGET_NAME)";
			};
			name = Release;
		};
		7EC794141993FDB8006A054F /* Debug */ = {
			isa = XCBuildConfiguration;
			buildSettings = {
				BUNDLE_LOADER = "$(TEST_HOST)";
				FRAMEWORK_SEARCH_PATHS = (
					"$(SDKROOT)/Developer/Library/Frameworks",
					"$(inherited)",
				);
				GCC_PREPROCESSOR_DEFINITIONS = (
					"DEBUG=1",
					"$(inherited)",
				);
				INFOPLIST_FILE = "Person Array iOSTests/Info.plist";
				LD_RUNPATH_SEARCH_PATHS = "$(inherited) @executable_path/Frameworks @loader_path/Frameworks";
				PRODUCT_NAME = "$(TARGET_NAME)";
				TEST_HOST = "$(BUILT_PRODUCTS_DIR)/Person Array iOS.app/Person Array iOS";
			};
			name = Debug;
		};
		7EC794151993FDB8006A054F /* Release */ = {
			isa = XCBuildConfiguration;
			buildSettings = {
				BUNDLE_LOADER = "$(TEST_HOST)";
				FRAMEWORK_SEARCH_PATHS = (
					"$(SDKROOT)/Developer/Library/Frameworks",
					"$(inherited)",
				);
				INFOPLIST_FILE = "Person Array iOSTests/Info.plist";
				LD_RUNPATH_SEARCH_PATHS = "$(inherited) @executable_path/Frameworks @loader_path/Frameworks";
				PRODUCT_NAME = "$(TARGET_NAME)";
				TEST_HOST = "$(BUILT_PRODUCTS_DIR)/Person Array iOS.app/Person Array iOS";
			};
			name = Release;
		};
/* End XCBuildConfiguration section */

/* Begin XCConfigurationList section */
		7EC793EF1993FDB7006A054F /* Build configuration list for PBXProject "Person Array iOS" */ = {
			isa = XCConfigurationList;
			buildConfigurations = (
				7EC7940E1993FDB8006A054F /* Debug */,
				7EC7940F1993FDB8006A054F /* Release */,
			);
			defaultConfigurationIsVisible = 0;
			defaultConfigurationName = Release;
		};
		7EC794101993FDB8006A054F /* Build configuration list for PBXNativeTarget "Person Array iOS" */ = {
			isa = XCConfigurationList;
			buildConfigurations = (
				7EC794111993FDB8006A054F /* Debug */,
				7EC794121993FDB8006A054F /* Release */,
			);
			defaultConfigurationIsVisible = 0;
			defaultConfigurationName = Release;
		};
		7EC794131993FDB8006A054F /* Build configuration list for PBXNativeTarget "Person Array iOSTests" */ = {
			isa = XCConfigurationList;
			buildConfigurations = (
				7EC794141993FDB8006A054F /* Debug */,
				7EC794151993FDB8006A054F /* Release */,
			);
			defaultConfigurationIsVisible = 0;
			defaultConfigurationName = Release;
		};
/* End XCConfigurationList section */

/* Begin XCVersionGroup section */
		7EF6B3F219A5BE5A0060C5E0 /* Model.xcdatamodeld */ = {
			isa = XCVersionGroup;
			children = (
				7EF6B3F319A5BE5A0060C5E0 /* Model.xcdatamodel */,
			);
			currentVersion = 7EF6B3F319A5BE5A0060C5E0 /* Model.xcdatamodel */;
			path = Model.xcdatamodeld;
			sourceTree = "<group>";
			versionGroupType = wrapper.xcdatamodel;
		};
/* End XCVersionGroup section */
	};
	rootObject = 7EC793EC1993FDB7006A054F /* Project object */;
}
